
Microsoft Visual Studio Solution File, Format Version 12.00
# Visual Studio Version 16
VisualStudioVersion = 25.0.1706.3
MinimumVisualStudioVersion = 10.0.40219.1
Project("{FAE04EC0-301F-11D3-BF4B-00C04F79EFBC}") = "LM1_myjnia", "LM1_myjnia.csproj", "{333A7C1E-611D-4BA1-907C-1AE0F83665C3}"
EndProject
Global
	GlobalSection(SolutionConfigurationPlatforms) = preSolution
		Debug|Any CPU = Debug|Any CPU
		Release|Any CPU = Release|Any CPU
	EndGlobalSection
	GlobalSection(ProjectConfigurationPlatforms) = postSolution
		{333A7C1E-611D-4BA1-907C-1AE0F83665C3}.Debug|Any CPU.ActiveCfg = Debug|Any CPU
		{333A7C1E-611D-4BA1-907C-1AE0F83665C3}.Debug|Any CPU.Build.0 = Debug|Any CPU
		{333A7C1E-611D-4BA1-907C-1AE0F83665C3}.Release|Any CPU.ActiveCfg = Release|Any CPU
		{333A7C1E-611D-4BA1-907C-1AE0F83665C3}.Release|Any CPU.Build.0 = Release|Any CPU
	EndGlobalSection
	GlobalSection(SolutionProperties) = preSolution
		HideSolutionNode = FALSE
	EndGlobalSection
	GlobalSection(ExtensibilityGlobals) = postSolution
		SolutionGuid = {9A60C626-55CA-48D2-9D87-B792DDE78D52}
	EndGlobalSection
EndGlobal
